
Microsoft Visual Studio Solution File, Format Version 12.00
# Visual Studio Version 17
VisualStudioVersion = 17.4.33122.133
MinimumVisualStudioVersion = 10.0.40219.1
Project("{9A19103F-16F7-4668-BE54-9A1E7A4F7556}") = "Pipelines.Net", "src\Pipelines.Net\Pipelines.Net.csproj", "{ED1DF685-B2A3-477B-A17F-6D15B22AD88F}"
EndProject
Project("{9A19103F-16F7-4668-BE54-9A1E7A4F7556}") = "Pipelines.Net.Tests", "src\Pipelines.Net.Tests\Pipelines.Net.Tests.csproj", "{93E05735-D43A-4670-A269-C5F1E914C021}"
EndProject
Project("{9A19103F-16F7-4668-BE54-9A1E7A4F7556}") = "Pipelines.Net.Example", "src\Pipelines.Net.Example\Pipelines.Net.Example.csproj", "{F39FBE45-302A-4997-B3D7-12DD7F8DF3AC}"
EndProject
Global
	GlobalSection(SolutionConfigurationPlatforms) = preSolution
		Debug|Any CPU = Debug|Any CPU
		Debug|x64 = Debug|x64
		Debug|x86 = Debug|x86
		Release|Any CPU = Release|Any CPU
		Release|x64 = Release|x64
		Release|x86 = Release|x86
	EndGlobalSection
	GlobalSection(ProjectConfigurationPlatforms) = postSolution
		{ED1DF685-B2A3-477B-A17F-6D15B22AD88F}.Debug|Any CPU.ActiveCfg = Debug|x64
		{ED1DF685-B2A3-477B-A17F-6D15B22AD88F}.Debug|Any CPU.Build.0 = Debug|x64
		{ED1DF685-B2A3-477B-A17F-6D15B22AD88F}.Debug|x64.ActiveCfg = Debug|x64
		{ED1DF685-B2A3-477B-A17F-6D15B22AD88F}.Debug|x64.Build.0 = Debug|x64
		{ED1DF685-B2A3-477B-A17F-6D15B22AD88F}.Debug|x86.ActiveCfg = Debug|x86
		{ED1DF685-B2A3-477B-A17F-6D15B22AD88F}.Release|Any CPU.ActiveCfg = Release|x64
		{ED1DF685-B2A3-477B-A17F-6D15B22AD88F}.Release|Any CPU.Build.0 = Release|x64
		{ED1DF685-B2A3-477B-A17F-6D15B22AD88F}.Release|x64.ActiveCfg = Release|x64
		{ED1DF685-B2A3-477B-A17F-6D15B22AD88F}.Release|x64.Build.0 = Release|x64
		{ED1DF685-B2A3-477B-A17F-6D15B22AD88F}.Release|x86.ActiveCfg = Release|x86
		{93E05735-D43A-4670-A269-C5F1E914C021}.Debug|Any CPU.ActiveCfg = Debug|Any CPU
		{93E05735-D43A-4670-A269-C5F1E914C021}.Debug|Any CPU.Build.0 = Debug|Any CPU
		{93E05735-D43A-4670-A269-C5F1E914C021}.Debug|x64.ActiveCfg = Debug|Any CPU
		{93E05735-D43A-4670-A269-C5F1E914C021}.Debug|x64.Build.0 = Debug|Any CPU
		{93E05735-D43A-4670-A269-C5F1E914C021}.Debug|x86.ActiveCfg = Debug|Any CPU
		{93E05735-D43A-4670-A269-C5F1E914C021}.Debug|x86.Build.0 = Debug|Any CPU
		{93E05735-D43A-4670-A269-C5F1E914C021}.Release|Any CPU.ActiveCfg = Release|Any CPU
		{93E05735-D43A-4670-A269-C5F1E914C021}.Release|Any CPU.Build.0 = Release|Any CPU
		{93E05735-D43A-4670-A269-C5F1E914C021}.Release|x64.ActiveCfg = Release|Any CPU
		{93E05735-D43A-4670-A269-C5F1E914C021}.Release|x64.Build.0 = Release|Any CPU
		{93E05735-D43A-4670-A269-C5F1E914C021}.Release|x86.ActiveCfg = Release|Any CPU
		{93E05735-D43A-4670-A269-C5F1E914C021}.Release|x86.Build.0 = Release|Any CPU
		{F39FBE45-302A-4997-B3D7-12DD7F8DF3AC}.Debug|Any CPU.ActiveCfg = Debug|Any CPU
		{F39FBE45-302A-4997-B3D7-12DD7F8DF3AC}.Debug|Any CPU.Build.0 = Debug|Any CPU
		{F39FBE45-302A-4997-B3D7-12DD7F8DF3AC}.Debug|x64.ActiveCfg = Debug|Any CPU
		{F39FBE45-302A-4997-B3D7-12DD7F8DF3AC}.Debug|x64.Build.0 = Debug|Any CPU
		{F39FBE45-302A-4997-B3D7-12DD7F8DF3AC}.Debug|x86.ActiveCfg = Debug|Any CPU
		{F39FBE45-302A-4997-B3D7-12DD7F8DF3AC}.Debug|x86.Build.0 = Debug|Any CPU
		{F39FBE45-302A-4997-B3D7-12DD7F8DF3AC}.Release|Any CPU.ActiveCfg = Release|Any CPU
		{F39FBE45-302A-4997-B3D7-12DD7F8DF3AC}.Release|Any CPU.Build.0 = Release|Any CPU
		{F39FBE45-302A-4997-B3D7-12DD7F8DF3AC}.Release|x64.ActiveCfg = Release|Any CPU
		{F39FBE45-302A-4997-B3D7-12DD7F8DF3AC}.Release|x64.Build.0 = Release|Any CPU
		{F39FBE45-302A-4997-B3D7-12DD7F8DF3AC}.Release|x86.ActiveCfg = Release|Any CPU
		{F39FBE45-302A-4997-B3D7-12DD7F8DF3AC}.Release|x86.Build.0 = Release|Any CPU
	EndGlobalSection
	GlobalSection(SolutionProperties) = preSolution
		HideSolutionNode = FALSE
	EndGlobalSection
	GlobalSection(ExtensibilityGlobals) = postSolution
		SolutionGuid = {CC799ECE-DD30-4504-AFBF-352C674DD490}
	EndGlobalSection
EndGlobal
